
Microsoft Visual Studio Solution File, Format Version 12.00
# Visual Studio Version 17
VisualStudioVersion = 17.9.34622.214
MinimumVisualStudioVersion = 10.0.40219.1
Project("{FAE04EC0-301F-11D3-BF4B-00C04F79EFBC}") = "nuevosTrabajosClase", "nuevosTrabajosClase.csproj", "{D8EC269C-5437-4188-BE88-5566D1A64BC2}"
EndProject
Global
	GlobalSection(SolutionConfigurationPlatforms) = preSolution
		Debug|Any CPU = Debug|Any CPU
		Release|Any CPU = Release|Any CPU
	EndGlobalSection
	GlobalSection(ProjectConfigurationPlatforms) = postSolution
		{D8EC269C-5437-4188-BE88-5566D1A64BC2}.Debug|Any CPU.ActiveCfg = Debug|Any CPU
		{D8EC269C-5437-4188-BE88-5566D1A64BC2}.Debug|Any CPU.Build.0 = Debug|Any CPU
		{D8EC269C-5437-4188-BE88-5566D1A64BC2}.Release|Any CPU.ActiveCfg = Release|Any CPU
		{D8EC269C-5437-4188-BE88-5566D1A64BC2}.Release|Any CPU.Build.0 = Release|Any CPU
	EndGlobalSection
	GlobalSection(SolutionProperties) = preSolution
		HideSolutionNode = FALSE
	EndGlobalSection
	GlobalSection(ExtensibilityGlobals) = postSolution
		SolutionGuid = {55AA6332-C543-411A-96FE-D1A0D7F1A9B8}
	EndGlobalSection
EndGlobal
