
Microsoft Visual Studio Solution File, Format Version 12.00
# Visual Studio Version 17
VisualStudioVersion = 17.9.34622.214
MinimumVisualStudioVersion = 10.0.40219.1
Project("{FAE04EC0-301F-11D3-BF4B-00C04F79EFBC}") = "ejerciciosCasaPractica", "ejerciciosCasaPractica.csproj", "{9F35F0D3-46C9-4063-8262-524D47611D5A}"
EndProject
Global
	GlobalSection(SolutionConfigurationPlatforms) = preSolution
		Debug|Any CPU = Debug|Any CPU
		Release|Any CPU = Release|Any CPU
	EndGlobalSection
	GlobalSection(ProjectConfigurationPlatforms) = postSolution
		{9F35F0D3-46C9-4063-8262-524D47611D5A}.Debug|Any CPU.ActiveCfg = Debug|Any CPU
		{9F35F0D3-46C9-4063-8262-524D47611D5A}.Debug|Any CPU.Build.0 = Debug|Any CPU
		{9F35F0D3-46C9-4063-8262-524D47611D5A}.Release|Any CPU.ActiveCfg = Release|Any CPU
		{9F35F0D3-46C9-4063-8262-524D47611D5A}.Release|Any CPU.Build.0 = Release|Any CPU
	EndGlobalSection
	GlobalSection(SolutionProperties) = preSolution
		HideSolutionNode = FALSE
	EndGlobalSection
	GlobalSection(ExtensibilityGlobals) = postSolution
		SolutionGuid = {F5FDF202-2B71-438C-ACB4-0FC170127381}
	EndGlobalSection
EndGlobal
